// !$*UTF8*$!
{
	archiveVersion = 1;
	classes = {
	};
	objectVersion = 50;
	objects = {

/* Begin PBXBuildFile section */
		F6022A3D22E0BF1000A7BF7C /* UnsplashAPIService.swift in Sources */ = {isa = PBXBuildFile; fileRef = F6022A3A22E0BF1000A7BF7C /* UnsplashAPIService.swift */; };
		F6022A3E22E0BF1000A7BF7C /* ImageDownloader.swift in Sources */ = {isa = PBXBuildFile; fileRef = F6022A3B22E0BF1000A7BF7C /* ImageDownloader.swift */; };
		F6022A3F22E0BF1000A7BF7C /* PhotoStore.swift in Sources */ = {isa = PBXBuildFile; fileRef = F6022A3C22E0BF1000A7BF7C /* PhotoStore.swift */; };
		F60E4F7B22E0B36D0013FF85 /* User.swift in Sources */ = {isa = PBXBuildFile; fileRef = F60E4F7A22E0B36D0013FF85 /* User.swift */; };
		F60E4F7E22E0B3DB0013FF85 /* PhotoRowImageView.swift in Sources */ = {isa = PBXBuildFile; fileRef = F60E4F7D22E0B3DB0013FF85 /* PhotoRowImageView.swift */; };
		F678591422E0B4D300F216DA /* PhotoDetailView.swift in Sources */ = {isa = PBXBuildFile; fileRef = F678591322E0B4D300F216DA /* PhotoDetailView.swift */; };
		F6E8EFB522E054A300AABD5C /* AppDelegate.swift in Sources */ = {isa = PBXBuildFile; fileRef = F6E8EFB422E054A300AABD5C /* AppDelegate.swift */; };
		F6E8EFB722E054A300AABD5C /* SceneDelegate.swift in Sources */ = {isa = PBXBuildFile; fileRef = F6E8EFB622E054A300AABD5C /* SceneDelegate.swift */; };
		F6E8EFBB22E054A600AABD5C /* Assets.xcassets in Resources */ = {isa = PBXBuildFile; fileRef = F6E8EFBA22E054A600AABD5C /* Assets.xcassets */; };
		F6E8EFBE22E054A600AABD5C /* Preview Assets.xcassets in Resources */ = {isa = PBXBuildFile; fileRef = F6E8EFBD22E054A600AABD5C /* Preview Assets.xcassets */; };
		F6E8EFC122E054A600AABD5C /* LaunchScreen.storyboard in Resources */ = {isa = PBXBuildFile; fileRef = F6E8EFBF22E054A600AABD5C /* LaunchScreen.storyboard */; };
		F6E8EFC922E0571A00AABD5C /* PhotoRow.swift in Sources */ = {isa = PBXBuildFile; fileRef = F6E8EFC822E0571A00AABD5C /* PhotoRow.swift */; };
		F6E8EFCB22E0574300AABD5C /* Photo.swift in Sources */ = {isa = PBXBuildFile; fileRef = F6E8EFCA22E0574300AABD5C /* Photo.swift */; };
		F6FCEA7622E0ABD7001BB631 /* ContentView.swift in Sources */ = {isa = PBXBuildFile; fileRef = F6FCEA7522E0ABD7001BB631 /* ContentView.swift */; };
/* End PBXBuildFile section */

/* Begin PBXFileReference section */
		F6022A3A22E0BF1000A7BF7C /* UnsplashAPIService.swift */ = {isa = PBXFileReference; fileEncoding = 4; lastKnownFileType = sourcecode.swift; path = UnsplashAPIService.swift; sourceTree = "<group>"; };
		F6022A3B22E0BF1000A7BF7C /* ImageDownloader.swift */ = {isa = PBXFileReference; fileEncoding = 4; lastKnownFileType = sourcecode.swift; path = ImageDownloader.swift; sourceTree = "<group>"; };
		F6022A3C22E0BF1000A7BF7C /* PhotoStore.swift */ = {isa = PBXFileReference; fileEncoding = 4; lastKnownFileType = sourcecode.swift; path = PhotoStore.swift; sourceTree = "<group>"; };
		F6022A4022E0C01000A7BF7C /* Papers.entitlements */ = {isa = PBXFileReference; lastKnownFileType = text.plist.entitlements; path = Papers.entitlements; sourceTree = "<group>"; };
		F60E4F7A22E0B36D0013FF85 /* User.swift */ = {isa = PBXFileReference; lastKnownFileType = sourcecode.swift; name = User.swift; path = ../../../../../../../../System/Volumes/Data/Users/don/Documents/Projects/iOS/Papers/Papers/model/User.swift; sourceTree = "<group>"; };
		F60E4F7D22E0B3DB0013FF85 /* PhotoRowImageView.swift */ = {isa = PBXFileReference; lastKnownFileType = sourcecode.swift; name = PhotoRowImageView.swift; path = ../../../../../../../../System/Volumes/Data/Users/don/Documents/Projects/iOS/Papers/Papers/PhotoRowImageView.swift; sourceTree = "<group>"; };
		F678591322E0B4D300F216DA /* PhotoDetailView.swift */ = {isa = PBXFileReference; lastKnownFileType = sourcecode.swift; name = PhotoDetailView.swift; path = ../../../../../../../../System/Volumes/Data/Users/don/Documents/Projects/iOS/Papers/Papers/views/PhotoDetailView.swift; sourceTree = "<group>"; };
		F6E8EFB122E054A300AABD5C /* Papers.app */ = {isa = PBXFileReference; explicitFileType = wrapper.application; includeInIndex = 0; path = Papers.app; sourceTree = BUILT_PRODUCTS_DIR; };
		F6E8EFB422E054A300AABD5C /* AppDelegate.swift */ = {isa = PBXFileReference; lastKnownFileType = sourcecode.swift; path = AppDelegate.swift; sourceTree = "<group>"; };
		F6E8EFB622E054A300AABD5C /* SceneDelegate.swift */ = {isa = PBXFileReference; lastKnownFileType = sourcecode.swift; path = SceneDelegate.swift; sourceTree = "<group>"; };
		F6E8EFBA22E054A600AABD5C /* Assets.xcassets */ = {isa = PBXFileReference; lastKnownFileType = folder.assetcatalog; path = Assets.xcassets; sourceTree = "<group>"; };
		F6E8EFBD22E054A600AABD5C /* Preview Assets.xcassets */ = {isa = PBXFileReference; lastKnownFileType = folder.assetcatalog; path = "Preview Assets.xcassets"; sourceTree = "<group>"; };
		F6E8EFC022E054A600AABD5C /* Base */ = {isa = PBXFileReference; lastKnownFileType = file.storyboard; name = Base; path = Base.lproj/LaunchScreen.storyboard; sourceTree = "<group>"; };
		F6E8EFC222E054A600AABD5C /* Info.plist */ = {isa = PBXFileReference; lastKnownFileType = text.plist.xml; path = Info.plist; sourceTree = "<group>"; };
		F6E8EFC822E0571A00AABD5C /* PhotoRow.swift */ = {isa = PBXFileReference; lastKnownFileType = sourcecode.swift; path = PhotoRow.swift; sourceTree = "<group>"; };
		F6E8EFCA22E0574300AABD5C /* Photo.swift */ = {isa = PBXFileReference; lastKnownFileType = sourcecode.swift; path = Photo.swift; sourceTree = "<group>"; };
		F6FCEA7522E0ABD7001BB631 /* ContentView.swift */ = {isa = PBXFileReference; fileEncoding = 4; lastKnownFileType = sourcecode.swift; path = ContentView.swift; sourceTree = "<group>"; };
/* End PBXFileReference section */

/* Begin PBXFrameworksBuildPhase section */
		F6E8EFAE22E054A300AABD5C /* Frameworks */ = {
			isa = PBXFrameworksBuildPhase;
			buildActionMask = 2147483647;
			files = (
			);
			runOnlyForDeploymentPostprocessing = 0;
		};
/* End PBXFrameworksBuildPhase section */

/* Begin PBXGroup section */
		F60E4F7922E0B3500013FF85 /* model */ = {
			isa = PBXGroup;
			children = (
				F6E8EFCA22E0574300AABD5C /* Photo.swift */,
				F60E4F7A22E0B36D0013FF85 /* User.swift */,
			);
			path = model;
			sourceTree = "<group>";
		};
		F60E4F7C22E0B3A70013FF85 /* views */ = {
			isa = PBXGroup;
			children = (
				F6FCEA7522E0ABD7001BB631 /* ContentView.swift */,
				F6E8EFC822E0571A00AABD5C /* PhotoRow.swift */,
				F60E4F7D22E0B3DB0013FF85 /* PhotoRowImageView.swift */,
				F678591322E0B4D300F216DA /* PhotoDetailView.swift */,
			);
			path = views;
			sourceTree = "<group>";
		};
		F6E8EFA822E054A300AABD5C = {
			isa = PBXGroup;
			children = (
				F6E8EFB322E054A300AABD5C /* Papers */,
				F6E8EFB222E054A300AABD5C /* Products */,
			);
			sourceTree = "<group>";
		};
		F6E8EFB222E054A300AABD5C /* Products */ = {
			isa = PBXGroup;
			children = (
				F6E8EFB122E054A300AABD5C /* Papers.app */,
			);
			name = Products;
			sourceTree = "<group>";
		};
		F6E8EFB322E054A300AABD5C /* Papers */ = {
			isa = PBXGroup;
			children = (
				F6022A4022E0C01000A7BF7C /* Papers.entitlements */,
				F6E8EFB422E054A300AABD5C /* AppDelegate.swift */,
				F6E8EFB622E054A300AABD5C /* SceneDelegate.swift */,
				F60E4F7922E0B3500013FF85 /* model */,
				F60E4F7C22E0B3A70013FF85 /* views */,
				F6ECD57522E0BE3A00EFD202 /* helpers */,
				F6E8EFBA22E054A600AABD5C /* Assets.xcassets */,
				F6E8EFBF22E054A600AABD5C /* LaunchScreen.storyboard */,
				F6E8EFC222E054A600AABD5C /* Info.plist */,
				F6E8EFBC22E054A600AABD5C /* Preview Content */,
			);
			path = Papers;
			sourceTree = "<group>";
		};
		F6E8EFBC22E054A600AABD5C /* Preview Content */ = {
			isa = PBXGroup;
			children = (
				F6E8EFBD22E054A600AABD5C /* Preview Assets.xcassets */,
			);
			path = "Preview Content";
			sourceTree = "<group>";
		};
		F6ECD57522E0BE3A00EFD202 /* helpers */ = {
			isa = PBXGroup;
			children = (
				F6022A3B22E0BF1000A7BF7C /* ImageDownloader.swift */,
				F6022A3C22E0BF1000A7BF7C /* PhotoStore.swift */,
				F6022A3A22E0BF1000A7BF7C /* UnsplashAPIService.swift */,
			);
			name = helpers;
			path = ../../../../../../../System/Volumes/Data/Users/don/Documents/Projects/iOS/Papers/Papers/helpers;
			sourceTree = "<group>";
		};
/* End PBXGroup section */

/* Begin PBXNativeTarget section */
		F6E8EFB022E054A300AABD5C /* Papers */ = {
			isa = PBXNativeTarget;
			buildConfigurationList = F6E8EFC522E054A600AABD5C /* Build configuration list for PBXNativeTarget "Papers" */;
			buildPhases = (
				F6E8EFAD22E054A300AABD5C /* Sources */,
				F6E8EFAE22E054A300AABD5C /* Frameworks */,
				F6E8EFAF22E054A300AABD5C /* Resources */,
			);
			buildRules = (
			);
			dependencies = (
			);
			name = Papers;
			productName = Papers;
			productReference = F6E8EFB122E054A300AABD5C /* Papers.app */;
			productType = "com.apple.product-type.application";
		};
/* End PBXNativeTarget section */

/* Begin PBXProject section */
		F6E8EFA922E054A300AABD5C /* Project object */ = {
			isa = PBXProject;
			attributes = {
				LastSwiftUpdateCheck = 1100;
				LastUpgradeCheck = 1100;
				ORGANIZATIONNAME = "Don Bytyqi";
				TargetAttributes = {
					F6E8EFB022E054A300AABD5C = {
						CreatedOnToolsVersion = 11.0;
					};
				};
			};
			buildConfigurationList = F6E8EFAC22E054A300AABD5C /* Build configuration list for PBXProject "Papers" */;
			compatibilityVersion = "Xcode 9.3";
			developmentRegion = en;
			hasScannedForEncodings = 0;
			knownRegions = (
				en,
				Base,
			);
			mainGroup = F6E8EFA822E054A300AABD5C;
			productRefGroup = F6E8EFB222E054A300AABD5C /* Products */;
			projectDirPath = "";
			projectRoot = "";
			targets = (
				F6E8EFB022E054A300AABD5C /* Papers */,
			);
		};
/* End PBXProject section */

/* Begin PBXResourcesBuildPhase section */
		F6E8EFAF22E054A300AABD5C /* Resources */ = {
			isa = PBXResourcesBuildPhase;
			buildActionMask = 2147483647;
			files = (
				F6E8EFC122E054A600AABD5C /* LaunchScreen.storyboard in Resources */,
				F6E8EFBE22E054A600AABD5C /* Preview Assets.xcassets in Resources */,
				F6E8EFBB22E054A600AABD5C /* Assets.xcassets in Resources */,
			);
			runOnlyForDeploymentPostprocessing = 0;
		};
/* End PBXResourcesBuildPhase section */

/* Begin PBXSourcesBuildPhase section */
		F6E8EFAD22E054A300AABD5C /* Sources */ = {
			isa = PBXSourcesBuildPhase;
			buildActionMask = 2147483647;
			files = (
				F6022A3D22E0BF1000A7BF7C /* UnsplashAPIService.swift in Sources */,
				F6E8EFB522E054A300AABD5C /* AppDelegate.swift in Sources */,
				F60E4F7E22E0B3DB0013FF85 /* PhotoRowImageView.swift in Sources */,
				F6FCEA7622E0ABD7001BB631 /* ContentView.swift in Sources */,
				F6E8EFB722E054A300AABD5C /* SceneDelegate.swift in Sources */,
				F6E8EFC922E0571A00AABD5C /* PhotoRow.swift in Sources */,
				F6022A3E22E0BF1000A7BF7C /* ImageDownloader.swift in Sources */,
				F678591422E0B4D300F216DA /* PhotoDetailView.swift in Sources */,
				F6022A3F22E0BF1000A7BF7C /* PhotoStore.swift in Sources */,
				F60E4F7B22E0B36D0013FF85 /* User.swift in Sources */,
				F6E8EFCB22E0574300AABD5C /* Photo.swift in Sources */,
			);
			runOnlyForDeploymentPostprocessing = 0;
		};
/* End PBXSourcesBuildPhase section */

/* Begin PBXVariantGroup section */
		F6E8EFBF22E054A600AABD5C /* LaunchScreen.storyboard */ = {
			isa = PBXVariantGroup;
			children = (
				F6E8EFC022E054A600AABD5C /* Base */,
			);
			name = LaunchScreen.storyboard;
			sourceTree = "<group>";
		};
/* End PBXVariantGroup section */

/* Begin XCBuildConfiguration section */
		F6E8EFC322E054A600AABD5C /* Debug */ = {
			isa = XCBuildConfiguration;
			buildSettings = {
				ALWAYS_SEARCH_USER_PATHS = NO;
				CLANG_ANALYZER_NONNULL = YES;
				CLANG_ANALYZER_NUMBER_OBJECT_CONVERSION = YES_AGGRESSIVE;
				CLANG_CXX_LANGUAGE_STANDARD = "gnu++14";
				CLANG_CXX_LIBRARY = "libc++";
				CLANG_ENABLE_MODULES = YES;
				CLANG_ENABLE_OBJC_ARC = YES;
				CLANG_ENABLE_OBJC_WEAK = YES;
				CLANG_WARN_BLOCK_CAPTURE_AUTORELEASING = YES;
				CLANG_WARN_BOOL_CONVERSION = YES;
				CLANG_WARN_COMMA = YES;
				CLANG_WARN_CONSTANT_CONVERSION = YES;
				CLANG_WARN_DEPRECATED_OBJC_IMPLEMENTATIONS = YES;
				CLANG_WARN_DIRECT_OBJC_ISA_USAGE = YES_ERROR;
				CLANG_WARN_DOCUMENTATION_COMMENTS = YES;
				CLANG_WARN_EMPTY_BODY = YES;
				CLANG_WARN_ENUM_CONVERSION = YES;
				CLANG_WARN_INFINITE_RECURSION = YES;
				CLANG_WARN_INT_CONVERSION = YES;
				CLANG_WARN_NON_LITERAL_NULL_CONVERSION = YES;
				CLANG_WARN_OBJC_IMPLICIT_RETAIN_SELF = YES;
				CLANG_WARN_OBJC_LITERAL_CONVERSION = YES;
				CLANG_WARN_OBJC_ROOT_CLASS = YES_ERROR;
				CLANG_WARN_RANGE_LOOP_ANALYSIS = YES;
				CLANG_WARN_STRICT_PROTOTYPES = YES;
				CLANG_WARN_SUSPICIOUS_MOVE = YES;
				CLANG_WARN_UNGUARDED_AVAILABILITY = YES_AGGRESSIVE;
				CLANG_WARN_UNREACHABLE_CODE = YES;
				CLANG_WARN__DUPLICATE_METHOD_MATCH = YES;
				COPY_PHASE_STRIP = NO;
				DEBUG_INFORMATION_FORMAT = dwarf;
				ENABLE_STRICT_OBJC_MSGSEND = YES;
				ENABLE_TESTABILITY = YES;
				GCC_C_LANGUAGE_STANDARD = gnu11;
				GCC_DYNAMIC_NO_PIC = NO;
				GCC_NO_COMMON_BLOCKS = YES;
				GCC_OPTIMIZATION_LEVEL = 0;
				GCC_PREPROCESSOR_DEFINITIONS = (
					"DEBUG=1",
					"$(inherited)",
				);
				GCC_WARN_64_TO_32_BIT_CONVERSION = YES;
				GCC_WARN_ABOUT_RETURN_TYPE = YES_ERROR;
				GCC_WARN_UNDECLARED_SELECTOR = YES;
				GCC_WARN_UNINITIALIZED_AUTOS = YES_AGGRESSIVE;
				GCC_WARN_UNUSED_FUNCTION = YES;
				GCC_WARN_UNUSED_VARIABLE = YES;
				IPHONEOS_DEPLOYMENT_TARGET = 13.0;
				MTL_ENABLE_DEBUG_INFO = INCLUDE_SOURCE;
				MTL_FAST_MATH = YES;
				ONLY_ACTIVE_ARCH = YES;
				SDKROOT = iphoneos;
				SWIFT_ACTIVE_COMPILATION_CONDITIONS = DEBUG;
				SWIFT_OPTIMIZATION_LEVEL = "-Onone";
			};
			name = Debug;
		};
		F6E8EFC422E054A600AABD5C /* Release */ = {
			isa = XCBuildConfiguration;
			buildSettings = {
				ALWAYS_SEARCH_USER_PATHS = NO;
				CLANG_ANALYZER_NONNULL = YES;
				CLANG_ANALYZER_NUMBER_OBJECT_CONVERSION = YES_AGGRESSIVE;
				CLANG_CXX_LANGUAGE_STANDARD = "gnu++14";
				CLANG_CXX_LIBRARY = "libc++";
				CLANG_ENABLE_MODULES = YES;
				CLANG_ENABLE_OBJC_ARC = YES;
				CLANG_ENABLE_OBJC_WEAK = YES;
				CLANG_WARN_BLOCK_CAPTURE_AUTORELEASING = YES;
				CLANG_WARN_BOOL_CONVERSION = YES;
				CLANG_WARN_COMMA = YES;
				CLANG_WARN_CONSTANT_CONVERSION = YES;
				CLANG_WARN_DEPRECATED_OBJC_IMPLEMENTATIONS = YES;
				CLANG_WARN_DIRECT_OBJC_ISA_USAGE = YES_ERROR;
				CLANG_WARN_DOCUMENTATION_COMMENTS = YES;
				CLANG_WARN_EMPTY_BODY = YES;
				CLANG_WARN_ENUM_CONVERSION = YES;
				CLANG_WARN_INFINITE_RECURSION = YES;
				CLANG_WARN_INT_CONVERSION = YES;
				CLANG_WARN_NON_LITERAL_NULL_CONVERSION = YES;
				CLANG_WARN_OBJC_IMPLICIT_RETAIN_SELF = YES;
				CLANG_WARN_OBJC_LITERAL_CONVERSION = YES;
				CLANG_WARN_OBJC_ROOT_CLASS = YES_ERROR;
				CLANG_WARN_RANGE_LOOP_ANALYSIS = YES;
				CLANG_WARN_STRICT_PROTOTYPES = YES;
				CLANG_WARN_SUSPICIOUS_MOVE = YES;
				CLANG_WARN_UNGUARDED_AVAILABILITY = YES_AGGRESSIVE;
				CLANG_WARN_UNREACHABLE_CODE = YES;
				CLANG_WARN__DUPLICATE_METHOD_MATCH = YES;
				COPY_PHASE_STRIP = NO;
				DEBUG_INFORMATION_FORMAT = "dwarf-with-dsym";
				ENABLE_NS_ASSERTIONS = NO;
				ENABLE_STRICT_OBJC_MSGSEND = YES;
				GCC_C_LANGUAGE_STANDARD = gnu11;
				GCC_NO_COMMON_BLOCKS = YES;
				GCC_WARN_64_TO_32_BIT_CONVERSION = YES;
				GCC_WARN_ABOUT_RETURN_TYPE = YES_ERROR;
				GCC_WARN_UNDECLARED_SELECTOR = YES;
				GCC_WARN_UNINITIALIZED_AUTOS = YES_AGGRESSIVE;
				GCC_WARN_UNUSED_FUNCTION = YES;
				GCC_WARN_UNUSED_VARIABLE = YES;
				IPHONEOS_DEPLOYMENT_TARGET = 13.0;
				MTL_ENABLE_DEBUG_INFO = NO;
				MTL_FAST_MATH = YES;
				SDKROOT = iphoneos;
				SWIFT_COMPILATION_MODE = wholemodule;
				SWIFT_OPTIMIZATION_LEVEL = "-O";
				VALIDATE_PRODUCT = YES;
			};
			name = Release;
		};
		F6E8EFC622E054A600AABD5C /* Debug */ = {
			isa = XCBuildConfiguration;
			buildSettings = {
				ASSETCATALOG_COMPILER_APPICON_NAME = AppIcon;
				CODE_SIGN_ENTITLEMENTS = Papers/Papers.entitlements;
				CODE_SIGN_STYLE = Automatic;
				DERIVE_MACCATALYST_PRODUCT_BUNDLE_IDENTIFIER = YES;
				DEVELOPMENT_ASSET_PATHS = "Papers/Preview\\ Content";
				DEVELOPMENT_TEAM = 37QC2MJDWB;
				ENABLE_PREVIEWS = YES;
				INFOPLIST_FILE = Papers/Info.plist;
				LD_RUNPATH_SEARCH_PATHS = (
					"$(inherited)",
					"@executable_path/Frameworks",
				);
				PRODUCT_BUNDLE_IDENTIFIER = com.donbytyqi.Papers;
				PRODUCT_NAME = "$(TARGET_NAME)";
				SUPPORTS_MACCATALYST = YES;
				SWIFT_VERSION = 5.0;
				TARGETED_DEVICE_FAMILY = "1,2";
			};
			name = Debug;
		};
		F6E8EFC722E054A600AABD5C /* Release */ = {
			isa = XCBuildConfiguration;
			buildSettings = {
				ASSETCATALOG_COMPILER_APPICON_NAME = AppIcon;
				CODE_SIGN_ENTITLEMENTS = Papers/Papers.entitlements;
				CODE_SIGN_STYLE = Automatic;
				DERIVE_MACCATALYST_PRODUCT_BUNDLE_IDENTIFIER = YES;
				DEVELOPMENT_ASSET_PATHS = "Papers/Preview\\ Content";
				DEVELOPMENT_TEAM = 37QC2MJDWB;
				ENABLE_PREVIEWS = YES;
				INFOPLIST_FILE = Papers/Info.plist;
				LD_RUNPATH_SEARCH_PATHS = (
					"$(inherited)",
					"@executable_path/Frameworks",
				);
				PRODUCT_BUNDLE_IDENTIFIER = com.donbytyqi.Papers;
				PRODUCT_NAME = "$(TARGET_NAME)";
				SUPPORTS_MACCATALYST = YES;
				SWIFT_VERSION = 5.0;
				TARGETED_DEVICE_FAMILY = "1,2";
			};
			name = Release;
		};
/* End XCBuildConfiguration section */

/* Begin XCConfigurationList section */
		F6E8EFAC22E054A300AABD5C /* Build configuration list for PBXProject "Papers" */ = {
			isa = XCConfigurationList;
			buildConfigurations = (
				F6E8EFC322E054A600AABD5C /* Debug */,
				F6E8EFC422E054A600AABD5C /* Release */,
			);
			defaultConfigurationIsVisible = 0;
			defaultConfigurationName = Release;
		};
		F6E8EFC522E054A600AABD5C /* Build configuration list for PBXNativeTarget "Papers" */ = {
			isa = XCConfigurationList;
			buildConfigurations = (
				F6E8EFC622E054A600AABD5C /* Debug */,
				F6E8EFC722E054A600AABD5C /* Release */,
			);
			defaultConfigurationIsVisible = 0;
			defaultConfigurationName = Release;
		};
/* End XCConfigurationList section */
	};
	rootObject = F6E8EFA922E054A300AABD5C /* Project object */;
}
